<?xml version="1.0" encoding="utf-8"?>
<Project ToolsVersion="4.0" xmlns="http://schemas.microsoft.com/developer/msbuild/2003">
  <ItemGroup>
    <Filter Include="헤더 파일">
      <UniqueIdentifier>{93995380-89BD-4b04-88EB-625FBE52EBFB}</UniqueIdentifier>
      <Extensions>h;hh;hpp;hxx;h++;hm;inl;inc;ipp;xsd</Extensions>
    </Filter>
    <Filter Include="리소스 파일">
      <UniqueIdentifier>{67DA6AB6-F800-4c08-8B7A-83BB121AAD01}</UniqueIdentifier>
      <Extensions>rc;ico;cur;bmp;dlg;rc2;rct;bin;rgs;gif;jpg;jpeg;jpe;resx;tiff;tif;png;wav;mfcribbon-ms</Extensions>
    </Filter>
    <Filter Include="Game">
      <UniqueIdentifier>{820269c4-6859-441d-8d3a-2ef4ef977b8d}</UniqueIdentifier>
    </Filter>
    <Filter Include="Game\0. Core">
      <UniqueIdentifier>{aea5029a-9482-482d-b392-4567d4347a0d}</UniqueIdentifier>
    </Filter>
    <Filter Include="Game\1. Object">
      <UniqueIdentifier>{8699d2be-a3ae-4226-8aea-80fbcca0c4a7}</UniqueIdentifier>
    </Filter>
    <Filter Include="Game\2. Manager">
      <UniqueIdentifier>{779e6180-1a05-4439-95ee-b40d4d52ae14}</UniqueIdentifier>
    </Filter>
    <Filter Include="Game\2. Manager\Time">
      <UniqueIdentifier>{40ca4b6c-3ea0-4337-82bf-0e412050a016}</UniqueIdentifier>
    </Filter>
    <Filter Include="Game\2. Manager\Key">
      <UniqueIdentifier>{82c82f73-893a-47fa-bf6c-da11df884afc}</UniqueIdentifier>
    </Filter>
    <Filter Include="Game\2. Manager\Scene">
      <UniqueIdentifier>{3f7f1037-0e75-4666-908f-7c08ef7716d3}</UniqueIdentifier>
    </Filter>
    <Filter Include="Game\3. Scene">
      <UniqueIdentifier>{2ff9671b-226d-44e6-8d92-e62d6b4d9b0e}</UniqueIdentifier>
    </Filter>
    <Filter Include="Game\3. Scene\Scene_Start">
      <UniqueIdentifier>{68bd10ff-46a6-4eac-aabe-4214390918eb}</UniqueIdentifier>
    </Filter>
  </ItemGroup>
  <ItemGroup>
    <ClInclude Include="framework.h">
      <Filter>헤더 파일</Filter>
    </ClInclude>
    <ClInclude Include="targetver.h">
      <Filter>헤더 파일</Filter>
    </ClInclude>
    <ClInclude Include="Resource.h">
      <Filter>헤더 파일</Filter>
    </ClInclude>
    <ClInclude Include="CClass.h">
      <Filter>헤더 파일</Filter>
    </ClInclude>
    <ClInclude Include="CCore.h">
      <Filter>Game\0. Core</Filter>
    </ClInclude>
    <ClInclude Include="pch.h">
      <Filter>헤더 파일</Filter>
    </ClInclude>
    <ClInclude Include="define.h">
      <Filter>헤더 파일</Filter>
    </ClInclude>
    <ClInclude Include="CObject.h">
      <Filter>Game\1. Object</Filter>
    </ClInclude>
    <ClInclude Include="struct.h">
      <Filter>헤더 파일</Filter>
    </ClInclude>
    <ClInclude Include="CTimeMgr.h">
      <Filter>Game\2. Manager\Time</Filter>
    </ClInclude>
    <ClInclude Include="CKeyMgr.h">
      <Filter>Game\2. Manager\Key</Filter>
    </ClInclude>
    <ClInclude Include="CSceneMgr.h">
      <Filter>Game\2. Manager\Scene</Filter>
    </ClInclude>
    <ClInclude Include="CScene.h">
      <Filter>Game\3. Scene</Filter>
    </ClInclude>
    <ClInclude Include="Scene_Start.h">
      <Filter>Game\3. Scene\Scene_Start</Filter>
    </ClInclude>
  </ItemGroup>
  <ItemGroup>
    <ClCompile Include="CCore.cpp">
      <Filter>Game\0. Core</Filter>
    </ClCompile>
    <ClCompile Include="Main.cpp">
      <Filter>Game</Filter>
    </ClCompile>
    <ClCompile Include="CObject.cpp">
      <Filter>Game\1. Object</Filter>
    </ClCompile>
    <ClCompile Include="CTimeMgr.cpp">
      <Filter>Game\2. Manager\Time</Filter>
    </ClCompile>
    <ClCompile Include="CKeyMgr.cpp">
      <Filter>Game\2. Manager\Key</Filter>
    </ClCompile>
    <ClCompile Include="CSceneMgr.cpp">
      <Filter>Game\2. Manager\Scene</Filter>
    </ClCompile>
    <ClCompile Include="CScene.cpp">
      <Filter>Game\3. Scene</Filter>
    </ClCompile>
    <ClCompile Include="Scene_Start.cpp">
      <Filter>Game\3. Scene\Scene_Start</Filter>
    </ClCompile>
  </ItemGroup>
  <ItemGroup>
    <ResourceCompile Include="WindowsProject1.rc">
      <Filter>리소스 파일</Filter>
    </ResourceCompile>
  </ItemGroup>
  <ItemGroup>
    <Image Include="small.ico">
      <Filter>리소스 파일</Filter>
    </Image>
    <Image Include="WindowsProject1.ico">
      <Filter>리소스 파일</Filter>
    </Image>
  </ItemGroup>
</Project>